
Microsoft Visual Studio Solution File, Format Version 12.00
# Visual Studio Version 17
VisualStudioVersion = 17.0.31903.59
MinimumVisualStudioVersion = 10.0.40219.1
Project("{2150E333-8FDC-42A3-9474-1A3956D46DE8}") = "src", "src", "{827E0CD3-B72D-47B6-A68D-7590B98EB39B}"
EndProject
Project("{FAE04EC0-301F-11D3-BF4B-00C04F79EFBC}") = "WordRoguelike.Core", "src\WordRoguelike.Core\WordRoguelike.Core.csproj", "{9F1E9D12-E64A-4850-AA54-6A40777C0172}"
EndProject
Project("{2150E333-8FDC-42A3-9474-1A3956D46DE8}") = "tests", "tests", "{0AB3BF05-4346-4AA6-1389-037BE0695223}"
EndProject
Project("{FAE04EC0-301F-11D3-BF4B-00C04F79EFBC}") = "WordRoguelike.Core.Tests", "tests\WordRoguelike.Core.Tests\WordRoguelike.Core.Tests.csproj", "{6B824268-A02F-4B03-AA0B-683432810872}"
EndProject
Global
	GlobalSection(SolutionConfigurationPlatforms) = preSolution
		Debug|Any CPU = Debug|Any CPU
		Debug|x64 = Debug|x64
		Debug|x86 = Debug|x86
		Release|Any CPU = Release|Any CPU
		Release|x64 = Release|x64
		Release|x86 = Release|x86
	EndGlobalSection
	GlobalSection(ProjectConfigurationPlatforms) = postSolution
		{9F1E9D12-E64A-4850-AA54-6A40777C0172}.Debug|Any CPU.ActiveCfg = Debug|Any CPU
		{9F1E9D12-E64A-4850-AA54-6A40777C0172}.Debug|Any CPU.Build.0 = Debug|Any CPU
		{9F1E9D12-E64A-4850-AA54-6A40777C0172}.Debug|x64.ActiveCfg = Debug|Any CPU
		{9F1E9D12-E64A-4850-AA54-6A40777C0172}.Debug|x64.Build.0 = Debug|Any CPU
		{9F1E9D12-E64A-4850-AA54-6A40777C0172}.Debug|x86.ActiveCfg = Debug|Any CPU
		{9F1E9D12-E64A-4850-AA54-6A40777C0172}.Debug|x86.Build.0 = Debug|Any CPU
		{9F1E9D12-E64A-4850-AA54-6A40777C0172}.Release|Any CPU.ActiveCfg = Release|Any CPU
		{9F1E9D12-E64A-4850-AA54-6A40777C0172}.Release|Any CPU.Build.0 = Release|Any CPU
		{9F1E9D12-E64A-4850-AA54-6A40777C0172}.Release|x64.ActiveCfg = Release|Any CPU
		{9F1E9D12-E64A-4850-AA54-6A40777C0172}.Release|x64.Build.0 = Release|Any CPU
		{9F1E9D12-E64A-4850-AA54-6A40777C0172}.Release|x86.ActiveCfg = Release|Any CPU
		{9F1E9D12-E64A-4850-AA54-6A40777C0172}.Release|x86.Build.0 = Release|Any CPU
		{6B824268-A02F-4B03-AA0B-683432810872}.Debug|Any CPU.ActiveCfg = Debug|Any CPU
		{6B824268-A02F-4B03-AA0B-683432810872}.Debug|Any CPU.Build.0 = Debug|Any CPU
		{6B824268-A02F-4B03-AA0B-683432810872}.Debug|x64.ActiveCfg = Debug|Any CPU
		{6B824268-A02F-4B03-AA0B-683432810872}.Debug|x64.Build.0 = Debug|Any CPU
		{6B824268-A02F-4B03-AA0B-683432810872}.Debug|x86.ActiveCfg = Debug|Any CPU
		{6B824268-A02F-4B03-AA0B-683432810872}.Debug|x86.Build.0 = Debug|Any CPU
		{6B824268-A02F-4B03-AA0B-683432810872}.Release|Any CPU.ActiveCfg = Release|Any CPU
		{6B824268-A02F-4B03-AA0B-683432810872}.Release|Any CPU.Build.0 = Release|Any CPU
		{6B824268-A02F-4B03-AA0B-683432810872}.Release|x64.ActiveCfg = Release|Any CPU
		{6B824268-A02F-4B03-AA0B-683432810872}.Release|x64.Build.0 = Release|Any CPU
		{6B824268-A02F-4B03-AA0B-683432810872}.Release|x86.ActiveCfg = Release|Any CPU
		{6B824268-A02F-4B03-AA0B-683432810872}.Release|x86.Build.0 = Release|Any CPU
	EndGlobalSection
	GlobalSection(SolutionProperties) = preSolution
		HideSolutionNode = FALSE
	EndGlobalSection
	GlobalSection(NestedProjects) = preSolution
		{9F1E9D12-E64A-4850-AA54-6A40777C0172} = {827E0CD3-B72D-47B6-A68D-7590B98EB39B}
		{6B824268-A02F-4B03-AA0B-683432810872} = {0AB3BF05-4346-4AA6-1389-037BE0695223}
	EndGlobalSection
EndGlobal
